
Microsoft Visual Studio Solution File, Format Version 12.00
# Visual Studio Version 16
VisualStudioVersion = 16.0.29424.173
MinimumVisualStudioVersion = 10.0.40219.1
Project("{FAE04EC0-301F-11D3-BF4B-00C04F79EFBC}") = "WPF_Login", "WPF_Login\WPF_Login.csproj", "{E382CEE8-3AC4-48EE-A90F-ACB1FEFDD043}"
EndProject
Project("{9A19103F-16F7-4668-BE54-9A1E7A4F7556}") = "HelloDotNetCore", "HelloDotNetCore\HelloDotNetCore.csproj", "{F8441D23-3DF1-4DB2-9D80-8104B209A257}"
EndProject
Project("{FAE04EC0-301F-11D3-BF4B-00C04F79EFBC}") = "BarChart", "BarChart\BarChart.csproj", "{EE6C919F-C0EF-4256-AD7D-148668156A72}"
EndProject
Project("{FAE04EC0-301F-11D3-BF4B-00C04F79EFBC}") = "Calculator", "Calculator\Calculator.csproj", "{A0517D6E-DAAB-4398-B516-D0D48F7E2785}"
EndProject
Project("{FAE04EC0-301F-11D3-BF4B-00C04F79EFBC}") = "GuessNumber", "GuessNumber\GuessNumber.csproj", "{82FB1888-40D2-4A1E-8E25-DACBD38B12E0}"
EndProject
Project("{FAE04EC0-301F-11D3-BF4B-00C04F79EFBC}") = "TodoList", "TodoList\TodoList.csproj", "{4B22A31A-D66D-482A-89E5-48AAFE8689C7}"
EndProject
Project("{FAE04EC0-301F-11D3-BF4B-00C04F79EFBC}") = "AddvancedCalculator", "AddvancedCalculator\AddvancedCalculator.csproj", "{D96FCDC1-3817-4D11-BE67-AE254FB0FB69}"
EndProject
Global
	GlobalSection(SolutionConfigurationPlatforms) = preSolution
		Debug|Any CPU = Debug|Any CPU
		Release|Any CPU = Release|Any CPU
	EndGlobalSection
	GlobalSection(ProjectConfigurationPlatforms) = postSolution
		{E382CEE8-3AC4-48EE-A90F-ACB1FEFDD043}.Debug|Any CPU.ActiveCfg = Debug|Any CPU
		{E382CEE8-3AC4-48EE-A90F-ACB1FEFDD043}.Debug|Any CPU.Build.0 = Debug|Any CPU
		{E382CEE8-3AC4-48EE-A90F-ACB1FEFDD043}.Release|Any CPU.ActiveCfg = Release|Any CPU
		{E382CEE8-3AC4-48EE-A90F-ACB1FEFDD043}.Release|Any CPU.Build.0 = Release|Any CPU
		{F8441D23-3DF1-4DB2-9D80-8104B209A257}.Debug|Any CPU.ActiveCfg = Debug|Any CPU
		{F8441D23-3DF1-4DB2-9D80-8104B209A257}.Debug|Any CPU.Build.0 = Debug|Any CPU
		{F8441D23-3DF1-4DB2-9D80-8104B209A257}.Release|Any CPU.ActiveCfg = Release|Any CPU
		{F8441D23-3DF1-4DB2-9D80-8104B209A257}.Release|Any CPU.Build.0 = Release|Any CPU
		{EE6C919F-C0EF-4256-AD7D-148668156A72}.Debug|Any CPU.ActiveCfg = Debug|Any CPU
		{EE6C919F-C0EF-4256-AD7D-148668156A72}.Debug|Any CPU.Build.0 = Debug|Any CPU
		{EE6C919F-C0EF-4256-AD7D-148668156A72}.Release|Any CPU.ActiveCfg = Release|Any CPU
		{EE6C919F-C0EF-4256-AD7D-148668156A72}.Release|Any CPU.Build.0 = Release|Any CPU
		{A0517D6E-DAAB-4398-B516-D0D48F7E2785}.Debug|Any CPU.ActiveCfg = Debug|Any CPU
		{A0517D6E-DAAB-4398-B516-D0D48F7E2785}.Debug|Any CPU.Build.0 = Debug|Any CPU
		{A0517D6E-DAAB-4398-B516-D0D48F7E2785}.Release|Any CPU.ActiveCfg = Release|Any CPU
		{A0517D6E-DAAB-4398-B516-D0D48F7E2785}.Release|Any CPU.Build.0 = Release|Any CPU
		{82FB1888-40D2-4A1E-8E25-DACBD38B12E0}.Debug|Any CPU.ActiveCfg = Debug|Any CPU
		{82FB1888-40D2-4A1E-8E25-DACBD38B12E0}.Debug|Any CPU.Build.0 = Debug|Any CPU
		{82FB1888-40D2-4A1E-8E25-DACBD38B12E0}.Release|Any CPU.ActiveCfg = Release|Any CPU
		{82FB1888-40D2-4A1E-8E25-DACBD38B12E0}.Release|Any CPU.Build.0 = Release|Any CPU
		{4B22A31A-D66D-482A-89E5-48AAFE8689C7}.Debug|Any CPU.ActiveCfg = Debug|Any CPU
		{4B22A31A-D66D-482A-89E5-48AAFE8689C7}.Debug|Any CPU.Build.0 = Debug|Any CPU
		{4B22A31A-D66D-482A-89E5-48AAFE8689C7}.Release|Any CPU.ActiveCfg = Release|Any CPU
		{4B22A31A-D66D-482A-89E5-48AAFE8689C7}.Release|Any CPU.Build.0 = Release|Any CPU
		{D96FCDC1-3817-4D11-BE67-AE254FB0FB69}.Debug|Any CPU.ActiveCfg = Debug|Any CPU
		{D96FCDC1-3817-4D11-BE67-AE254FB0FB69}.Debug|Any CPU.Build.0 = Debug|Any CPU
		{D96FCDC1-3817-4D11-BE67-AE254FB0FB69}.Release|Any CPU.ActiveCfg = Release|Any CPU
		{D96FCDC1-3817-4D11-BE67-AE254FB0FB69}.Release|Any CPU.Build.0 = Release|Any CPU
	EndGlobalSection
	GlobalSection(SolutionProperties) = preSolution
		HideSolutionNode = FALSE
	EndGlobalSection
	GlobalSection(ExtensibilityGlobals) = postSolution
		SolutionGuid = {24EEB0A6-F728-4A56-BE21-1B15B05507CE}
	EndGlobalSection
EndGlobal
